8098923488249082843
zlib-ng d68e1d908e789c31c1f2fafe4bd8e09cb91e21c5
boost 014fd3e9397cc84e16177f5187d6aa2180a9ddc2
libressl 39c1bf084d5c179d7bbce7ba902fffbebff0ee15
cista bec8bca4e6a38e38236a99ca4d4b767690fc01a1
docs 75dc89a53e9c2d78574fc0ffda698e69f1682ed2
fmt dc10f83be70ac2873d5f8d1ce317596f1fd318a2
googletest 34a46558609e05865c197f0260ab36daa7cbbb6e
utl a63d8c1822293b8f18dc0418905c3c21067aa051
res b759b93316afeb529b6cb5b2548b24c41e382fb0
date ce88cc33b5551f66655614eeebb7c5b7189025fb
yaml-cpp 39f737443b05e4135e697cb91c2b7b18095acd53
openapi-cpp 59e952c16208e653fecaaecc48e6db227b343b36
