8641884863853119991
zlib-ng d68e1d908e789c31c1f2fafe4bd8e09cb91e21c5
boost 082a2d83c827e43f3b7eb8d6f0a1102cddb897ad
libressl 39c1bf084d5c179d7bbce7ba902fffbebff0ee15
cista bec8bca4e6a38e38236a99ca4d4b767690fc01a1
fmt edb385ac526c24bc917ec4a41bb0edb28f0ca59e
googletest 34a46558609e05865c197f0260ab36daa7cbbb6e
utl 8c61dcaa74a7f49695d58ce7aae9de7ecb566aa1
res b759b93316afeb529b6cb5b2548b24c41e382fb0
date ce88cc33b5551f66655614eeebb7c5b7189025fb
yaml-cpp 1d8ca1f35eb3a9c9142462b28282a848e5d29a91
openapi-cpp dac46d043f07a119d8b7d9ccb47e51049b259bfe
